// !$*UTF8*$!
{
	archiveVersion = 1;
	classes = {
	};
	objectVersion = 46;
	objects = {

/* Begin PBXBuildFile section */
		872980431D8958120037D5B0 /* RAReorderableLayout.swift in Sources */ = {isa = PBXBuildFile; fileRef = 872980421D8958120037D5B0 /* RAReorderableLayout.swift */; };
		8762985D1D8B2EE800AA857A /* JonahsWhale.xcdatamodeld in Sources */ = {isa = PBXBuildFile; fileRef = 8762985B1D8B2EE800AA857A /* JonahsWhale.xcdatamodeld */; };
		8762985F1D8B4D9F00AA857A /* Project+CoreDataProperties.swift in Sources */ = {isa = PBXBuildFile; fileRef = 8762985E1D8B4D9F00AA857A /* Project+CoreDataProperties.swift */; };
		876298641D8F1C8D00AA857A /* ProjectXml.swift in Sources */ = {isa = PBXBuildFile; fileRef = 876298631D8F1C8D00AA857A /* ProjectXml.swift */; };
		876298671D8F3FC500AA857A /* ProjectDao.swift in Sources */ = {isa = PBXBuildFile; fileRef = 876298661D8F3FC500AA857A /* ProjectDao.swift */; };
		876D2CB41D93D12C002128DF /* AllProjectsViewController.swift in Sources */ = {isa = PBXBuildFile; fileRef = 876D2CB31D93D12C002128DF /* AllProjectsViewController.swift */; };
		876D2CB81D94D45F002128DF /* AllProjectsViewCell.swift in Sources */ = {isa = PBXBuildFile; fileRef = 876D2CB71D94D45F002128DF /* AllProjectsViewCell.swift */; };
		876D2CBA1D94DC0B002128DF /* AllProjectsViewCell.xib in Resources */ = {isa = PBXBuildFile; fileRef = 876D2CB91D94DC0B002128DF /* AllProjectsViewCell.xib */; };
		876D2CC21D98D034002128DF /* SetupLoginViewController.swift in Sources */ = {isa = PBXBuildFile; fileRef = 876D2CC11D98D034002128DF /* SetupLoginViewController.swift */; };
		8785B4761D867B4600286FAE /* GalleryViewController.swift in Sources */ = {isa = PBXBuildFile; fileRef = 8785B4751D867B4600286FAE /* GalleryViewController.swift */; };
		8785B4791D87491C00286FAE /* GalleryViewCell.swift in Sources */ = {isa = PBXBuildFile; fileRef = 8785B4781D87491C00286FAE /* GalleryViewCell.swift */; };
		8798AA401D7654DA00A4DAB2 /* Constants.swift in Sources */ = {isa = PBXBuildFile; fileRef = 8798AA3F1D7654DA00A4DAB2 /* Constants.swift */; };
		8798AA451D7674B200A4DAB2 /* ProjectService.swift in Sources */ = {isa = PBXBuildFile; fileRef = 8798AA441D7674B200A4DAB2 /* ProjectService.swift */; };
		8798AA481D76750700A4DAB2 /* Project.swift in Sources */ = {isa = PBXBuildFile; fileRef = 8798AA471D76750700A4DAB2 /* Project.swift */; };
		87B55DEF1D69B7F200E298EB /* AppDelegate.swift in Sources */ = {isa = PBXBuildFile; fileRef = 87B55DEE1D69B7F200E298EB /* AppDelegate.swift */; };
		87B55DF11D69B7F200E298EB /* ViewController.swift in Sources */ = {isa = PBXBuildFile; fileRef = 87B55DF01D69B7F200E298EB /* ViewController.swift */; };
		87B55DF41D69B7F200E298EB /* Main.storyboard in Resources */ = {isa = PBXBuildFile; fileRef = 87B55DF21D69B7F200E298EB /* Main.storyboard */; };
		87B55DF61D69B7F200E298EB /* Assets.xcassets in Resources */ = {isa = PBXBuildFile; fileRef = 87B55DF51D69B7F200E298EB /* Assets.xcassets */; };
		87B55DF91D69B7F200E298EB /* LaunchScreen.storyboard in Resources */ = {isa = PBXBuildFile; fileRef = 87B55DF71D69B7F200E298EB /* LaunchScreen.storyboard */; };
		87F009CA1D9A22820041E2FB /* Agent+CoreDataProperties.swift in Sources */ = {isa = PBXBuildFile; fileRef = 87F009C81D9A22820041E2FB /* Agent+CoreDataProperties.swift */; };
		87F009CB1D9A22820041E2FB /* Agent.swift in Sources */ = {isa = PBXBuildFile; fileRef = 87F009C91D9A22820041E2FB /* Agent.swift */; };
		87F009CD1D9A4B480041E2FB /* AgentDao.swift in Sources */ = {isa = PBXBuildFile; fileRef = 87F009CC1D9A4B480041E2FB /* AgentDao.swift */; };
		87F009D11D9B4D8B0041E2FB /* AvailableAgentCell.xib in Resources */ = {isa = PBXBuildFile; fileRef = 87F009D01D9B4D8B0041E2FB /* AvailableAgentCell.xib */; };
		87F009D31D9B52360041E2FB /* AvailableAgentCell.swift in Sources */ = {isa = PBXBuildFile; fileRef = 87F009D21D9B52360041E2FB /* AvailableAgentCell.swift */; };
		98FC1213D398E97E57E9AD55 /* Pods_JonahsWhale.framework in Frameworks */ = {isa = PBXBuildFile; fileRef = 648CFA4F538DF25CDE8E30B1 /* Pods_JonahsWhale.framework */; };
/* End PBXBuildFile section */

/* Begin PBXFileReference section */
		648CFA4F538DF25CDE8E30B1 /* Pods_JonahsWhale.framework */ = {isa = PBXFileReference; explicitFileType = wrapper.framework; includeInIndex = 0; path = Pods_JonahsWhale.framework; sourceTree = BUILT_PRODUCTS_DIR; };
		735D7718CAFB156A19693C50 /* Pods-JonahsWhale.release.xcconfig */ = {isa = PBXFileReference; includeInIndex = 1; lastKnownFileType = text.xcconfig; name = "Pods-JonahsWhale.release.xcconfig"; path = "Pods/Target Support Files/Pods-JonahsWhale/Pods-JonahsWhale.release.xcconfig"; sourceTree = "<group>"; };
		872980421D8958120037D5B0 /* RAReorderableLayout.swift */ = {isa = PBXFileReference; fileEncoding = 4; lastKnownFileType = sourcecode.swift; path = RAReorderableLayout.swift; sourceTree = "<group>"; };
		8762985C1D8B2EE800AA857A /* JonahsWhale.xcdatamodel */ = {isa = PBXFileReference; lastKnownFileType = wrapper.xcdatamodel; path = JonahsWhale.xcdatamodel; sourceTree = "<group>"; };
		8762985E1D8B4D9F00AA857A /* Project+CoreDataProperties.swift */ = {isa = PBXFileReference; fileEncoding = 4; lastKnownFileType = sourcecode.swift; path = "Project+CoreDataProperties.swift"; sourceTree = "<group>"; };
		876298631D8F1C8D00AA857A /* ProjectXml.swift */ = {isa = PBXFileReference; fileEncoding = 4; lastKnownFileType = sourcecode.swift; path = ProjectXml.swift; sourceTree = "<group>"; };
		876298661D8F3FC500AA857A /* ProjectDao.swift */ = {isa = PBXFileReference; fileEncoding = 4; lastKnownFileType = sourcecode.swift; path = ProjectDao.swift; sourceTree = "<group>"; };
		876D2CB31D93D12C002128DF /* AllProjectsViewController.swift */ = {isa = PBXFileReference; fileEncoding = 4; lastKnownFileType = sourcecode.swift; path = AllProjectsViewController.swift; sourceTree = "<group>"; };
		876D2CB71D94D45F002128DF /* AllProjectsViewCell.swift */ = {isa = PBXFileReference; fileEncoding = 4; lastKnownFileType = sourcecode.swift; path = AllProjectsViewCell.swift; sourceTree = "<group>"; };
		876D2CB91D94DC0B002128DF /* AllProjectsViewCell.xib */ = {isa = PBXFileReference; fileEncoding = 4; lastKnownFileType = file.xib; path = AllProjectsViewCell.xib; sourceTree = "<group>"; };
		876D2CC11D98D034002128DF /* SetupLoginViewController.swift */ = {isa = PBXFileReference; fileEncoding = 4; lastKnownFileType = sourcecode.swift; path = SetupLoginViewController.swift; sourceTree = "<group>"; };
		8785B4751D867B4600286FAE /* GalleryViewController.swift */ = {isa = PBXFileReference; fileEncoding = 4; lastKnownFileType = sourcecode.swift; path = GalleryViewController.swift; sourceTree = "<group>"; };
		8785B4781D87491C00286FAE /* GalleryViewCell.swift */ = {isa = PBXFileReference; fileEncoding = 4; lastKnownFileType = sourcecode.swift; path = GalleryViewCell.swift; sourceTree = "<group>"; };
		8798AA3F1D7654DA00A4DAB2 /* Constants.swift */ = {isa = PBXFileReference; fileEncoding = 4; lastKnownFileType = sourcecode.swift; path = Constants.swift; sourceTree = "<group>"; };
		8798AA441D7674B200A4DAB2 /* ProjectService.swift */ = {isa = PBXFileReference; fileEncoding = 4; lastKnownFileType = sourcecode.swift; path = ProjectService.swift; sourceTree = "<group>"; };
		8798AA471D76750700A4DAB2 /* Project.swift */ = {isa = PBXFileReference; fileEncoding = 4; lastKnownFileType = sourcecode.swift; path = Project.swift; sourceTree = "<group>"; };
		87B55DEB1D69B7F100E298EB /* JonahsWhale.app */ = {isa = PBXFileReference; explicitFileType = wrapper.application; includeInIndex = 0; path = JonahsWhale.app; sourceTree = BUILT_PRODUCTS_DIR; };
		87B55DEE1D69B7F200E298EB /* AppDelegate.swift */ = {isa = PBXFileReference; lastKnownFileType = sourcecode.swift; path = AppDelegate.swift; sourceTree = "<group>"; };
		87B55DF01D69B7F200E298EB /* ViewController.swift */ = {isa = PBXFileReference; lastKnownFileType = sourcecode.swift; path = ViewController.swift; sourceTree = "<group>"; };
		87B55DF31D69B7F200E298EB /* Base */ = {isa = PBXFileReference; lastKnownFileType = file.storyboard; name = Base; path = Base.lproj/Main.storyboard; sourceTree = "<group>"; };
		87B55DF51D69B7F200E298EB /* Assets.xcassets */ = {isa = PBXFileReference; lastKnownFileType = folder.assetcatalog; path = Assets.xcassets; sourceTree = "<group>"; };
		87B55DF81D69B7F200E298EB /* Base */ = {isa = PBXFileReference; lastKnownFileType = file.storyboard; name = Base; path = Base.lproj/LaunchScreen.storyboard; sourceTree = "<group>"; };
		87B55DFA1D69B7F200E298EB /* Info.plist */ = {isa = PBXFileReference; lastKnownFileType = text.plist.xml; path = Info.plist; sourceTree = "<group>"; };
		87F009C81D9A22820041E2FB /* Agent+CoreDataProperties.swift */ = {isa = PBXFileReference; fileEncoding = 4; lastKnownFileType = sourcecode.swift; path = "Agent+CoreDataProperties.swift"; sourceTree = "<group>"; };
		87F009C91D9A22820041E2FB /* Agent.swift */ = {isa = PBXFileReference; fileEncoding = 4; lastKnownFileType = sourcecode.swift; path = Agent.swift; sourceTree = "<group>"; };
		87F009CC1D9A4B480041E2FB /* AgentDao.swift */ = {isa = PBXFileReference; fileEncoding = 4; lastKnownFileType = sourcecode.swift; path = AgentDao.swift; sourceTree = "<group>"; };
		87F009D01D9B4D8B0041E2FB /* AvailableAgentCell.xib */ = {isa = PBXFileReference; fileEncoding = 4; lastKnownFileType = file.xib; path = AvailableAgentCell.xib; sourceTree = "<group>"; };
		87F009D21D9B52360041E2FB /* AvailableAgentCell.swift */ = {isa = PBXFileReference; fileEncoding = 4; lastKnownFileType = sourcecode.swift; path = AvailableAgentCell.swift; sourceTree = "<group>"; };
		D9962FD0B9CAAA64CAE8ECCD /* Pods-JonahsWhale.debug.xcconfig */ = {isa = PBXFileReference; includeInIndex = 1; lastKnownFileType = text.xcconfig; name = "Pods-JonahsWhale.debug.xcconfig"; path = "Pods/Target Support Files/Pods-JonahsWhale/Pods-JonahsWhale.debug.xcconfig"; sourceTree = "<group>"; };
/* End PBXFileReference section */

/* Begin PBXFrameworksBuildPhase section */
		87B55DE81D69B7F100E298EB /* Frameworks */ = {
			isa = PBXFrameworksBuildPhase;
			buildActionMask = 2147483647;
			files = (
				98FC1213D398E97E57E9AD55 /* Pods_JonahsWhale.framework in Frameworks */,
			);
			runOnlyForDeploymentPostprocessing = 0;
		};
/* End PBXFrameworksBuildPhase section */

/* Begin PBXGroup section */
		4862EFBAEA4134FACF30385B /* Frameworks */ = {
			isa = PBXGroup;
			children = (
				648CFA4F538DF25CDE8E30B1 /* Pods_JonahsWhale.framework */,
			);
			name = Frameworks;
			sourceTree = "<group>";
		};
		872980411D8957F90037D5B0 /* libs */ = {
			isa = PBXGroup;
			children = (
				872980421D8958120037D5B0 /* RAReorderableLayout.swift */,
			);
			name = libs;
			sourceTree = "<group>";
		};
		876298621D8F1B7700AA857A /* xml */ = {
			isa = PBXGroup;
			children = (
				876298631D8F1C8D00AA857A /* ProjectXml.swift */,
			);
			name = xml;
			sourceTree = "<group>";
		};
		876298651D8F3FB700AA857A /* dao */ = {
			isa = PBXGroup;
			children = (
				876298661D8F3FC500AA857A /* ProjectDao.swift */,
				87F009CC1D9A4B480041E2FB /* AgentDao.swift */,
			);
			name = dao;
			sourceTree = "<group>";
		};
		8785B4771D8748ED00286FAE /* ui */ = {
			isa = PBXGroup;
			children = (
				8785B4781D87491C00286FAE /* GalleryViewCell.swift */,
				876D2CB71D94D45F002128DF /* AllProjectsViewCell.swift */,
				876D2CB91D94DC0B002128DF /* AllProjectsViewCell.xib */,
				87F009D01D9B4D8B0041E2FB /* AvailableAgentCell.xib */,
				87F009D21D9B52360041E2FB /* AvailableAgentCell.swift */,
			);
			name = ui;
			sourceTree = "<group>";
		};
		8798AA431D7674A100A4DAB2 /* services */ = {
			isa = PBXGroup;
			children = (
				8798AA441D7674B200A4DAB2 /* ProjectService.swift */,
			);
			name = services;
			sourceTree = "<group>";
		};
		8798AA461D7674F800A4DAB2 /* models */ = {
			isa = PBXGroup;
			children = (
				876298621D8F1B7700AA857A /* xml */,
				87F009C81D9A22820041E2FB /* Agent+CoreDataProperties.swift */,
				87F009C91D9A22820041E2FB /* Agent.swift */,
				8762985E1D8B4D9F00AA857A /* Project+CoreDataProperties.swift */,
				8798AA471D76750700A4DAB2 /* Project.swift */,
			);
			name = models;
			sourceTree = "<group>";
		};
		87B55DE21D69B7F100E298EB = {
			isa = PBXGroup;
			children = (
				87B55DED1D69B7F200E298EB /* JonahsWhale */,
				87B55DEC1D69B7F100E298EB /* Products */,
				E7134416ED48BAD806BC7146 /* Pods */,
				4862EFBAEA4134FACF30385B /* Frameworks */,
			);
			sourceTree = "<group>";
		};
		87B55DEC1D69B7F100E298EB /* Products */ = {
			isa = PBXGroup;
			children = (
				87B55DEB1D69B7F100E298EB /* JonahsWhale.app */,
			);
			name = Products;
			sourceTree = "<group>";
		};
		87B55DED1D69B7F200E298EB /* JonahsWhale */ = {
			isa = PBXGroup;
			children = (
				876298651D8F3FB700AA857A /* dao */,
				872980411D8957F90037D5B0 /* libs */,
				8785B4771D8748ED00286FAE /* ui */,
				8798AA461D7674F800A4DAB2 /* models */,
				8798AA431D7674A100A4DAB2 /* services */,
				87B55DEE1D69B7F200E298EB /* AppDelegate.swift */,
				87B55DF01D69B7F200E298EB /* ViewController.swift */,
				8785B4751D867B4600286FAE /* GalleryViewController.swift */,
				8798AA3F1D7654DA00A4DAB2 /* Constants.swift */,
				876D2CB31D93D12C002128DF /* AllProjectsViewController.swift */,
				876D2CC11D98D034002128DF /* SetupLoginViewController.swift */,
				87B55DF21D69B7F200E298EB /* Main.storyboard */,
				87B55DF51D69B7F200E298EB /* Assets.xcassets */,
				87B55DF71D69B7F200E298EB /* LaunchScreen.storyboard */,
				87B55DFA1D69B7F200E298EB /* Info.plist */,
				8762985B1D8B2EE800AA857A /* JonahsWhale.xcdatamodeld */,
			);
			path = JonahsWhale;
			sourceTree = "<group>";
		};
		E7134416ED48BAD806BC7146 /* Pods */ = {
			isa = PBXGroup;
			children = (
				D9962FD0B9CAAA64CAE8ECCD /* Pods-JonahsWhale.debug.xcconfig */,
				735D7718CAFB156A19693C50 /* Pods-JonahsWhale.release.xcconfig */,
			);
			name = Pods;
			sourceTree = "<group>";
		};
/* End PBXGroup section */

/* Begin PBXNativeTarget section */
		87B55DEA1D69B7F100E298EB /* JonahsWhale */ = {
			isa = PBXNativeTarget;
			buildConfigurationList = 87B55DFD1D69B7F200E298EB /* Build configuration list for PBXNativeTarget "JonahsWhale" */;
			buildPhases = (
				D639114613FB8BA09B46C825 /* [CP] Check Pods Manifest.lock */,
				87B55DE71D69B7F100E298EB /* Sources */,
				87B55DE81D69B7F100E298EB /* Frameworks */,
				87B55DE91D69B7F100E298EB /* Resources */,
				C8E7C207197F22EB82BBACC2 /* [CP] Embed Pods Frameworks */,
				8CF0AE0E11D90914C7C73771 /* [CP] Copy Pods Resources */,
			);
			buildRules = (
			);
			dependencies = (
			);
			name = JonahsWhale;
			productName = JonahsWhale;
			productReference = 87B55DEB1D69B7F100E298EB /* JonahsWhale.app */;
			productType = "com.apple.product-type.application";
		};
/* End PBXNativeTarget section */

/* Begin PBXProject section */
		87B55DE31D69B7F100E298EB /* Project object */ = {
			isa = PBXProject;
			attributes = {
				LastSwiftUpdateCheck = 0730;
				LastUpgradeCheck = 0730;
				ORGANIZATIONNAME = mfebrianto;
				TargetAttributes = {
					87B55DEA1D69B7F100E298EB = {
						CreatedOnToolsVersion = 7.3.1;
						DevelopmentTeam = C57L7P8RB7;
						LastSwiftMigration = 0800;
					};
				};
			};
			buildConfigurationList = 87B55DE61D69B7F100E298EB /* Build configuration list for PBXProject "JonahsWhale" */;
			compatibilityVersion = "Xcode 3.2";
			developmentRegion = English;
			hasScannedForEncodings = 0;
			knownRegions = (
				en,
				Base,
			);
			mainGroup = 87B55DE21D69B7F100E298EB;
			productRefGroup = 87B55DEC1D69B7F100E298EB /* Products */;
			projectDirPath = "";
			projectRoot = "";
			targets = (
				87B55DEA1D69B7F100E298EB /* JonahsWhale */,
			);
		};
/* End PBXProject section */

/* Begin PBXResourcesBuildPhase section */
		87B55DE91D69B7F100E298EB /* Resources */ = {
			isa = PBXResourcesBuildPhase;
			buildActionMask = 2147483647;
			files = (
				87B55DF91D69B7F200E298EB /* LaunchScreen.storyboard in Resources */,
				87F009D11D9B4D8B0041E2FB /* AvailableAgentCell.xib in Resources */,
				87B55DF61D69B7F200E298EB /* Assets.xcassets in Resources */,
				876D2CBA1D94DC0B002128DF /* AllProjectsViewCell.xib in Resources */,
				87B55DF41D69B7F200E298EB /* Main.storyboard in Resources */,
			);
			runOnlyForDeploymentPostprocessing = 0;
		};
/* End PBXResourcesBuildPhase section */

/* Begin PBXShellScriptBuildPhase section */
		8CF0AE0E11D90914C7C73771 /* [CP] Copy Pods Resources */ = {
			isa = PBXShellScriptBuildPhase;
			buildActionMask = 2147483647;
			files = (
			);
			inputPaths = (
			);
			name = "[CP] Copy Pods Resources";
			outputPaths = (
			);
			runOnlyForDeploymentPostprocessing = 0;
			shellPath = /bin/sh;
			shellScript = "\"${SRCROOT}/Pods/Target Support Files/Pods-JonahsWhale/Pods-JonahsWhale-resources.sh\"\n";
			showEnvVarsInLog = 0;
		};
		C8E7C207197F22EB82BBACC2 /* [CP] Embed Pods Frameworks */ = {
			isa = PBXShellScriptBuildPhase;
			buildActionMask = 2147483647;
			files = (
			);
			inputPaths = (
			);
			name = "[CP] Embed Pods Frameworks";
			outputPaths = (
			);
			runOnlyForDeploymentPostprocessing = 0;
			shellPath = /bin/sh;
			shellScript = "\"${SRCROOT}/Pods/Target Support Files/Pods-JonahsWhale/Pods-JonahsWhale-frameworks.sh\"\n";
			showEnvVarsInLog = 0;
		};
		D639114613FB8BA09B46C825 /* [CP] Check Pods Manifest.lock */ = {
			isa = PBXShellScriptBuildPhase;
			buildActionMask = 2147483647;
			files = (
			);
			inputPaths = (
			);
			name = "[CP] Check Pods Manifest.lock";
			outputPaths = (
			);
			runOnlyForDeploymentPostprocessing = 0;
			shellPath = /bin/sh;
			shellScript = "diff \"${PODS_ROOT}/../Podfile.lock\" \"${PODS_ROOT}/Manifest.lock\" > /dev/null\nif [[ $? != 0 ]] ; then\n    cat << EOM\nerror: The sandbox is not in sync with the Podfile.lock. Run 'pod install' or update your CocoaPods installation.\nEOM\n    exit 1\nfi\n";
			showEnvVarsInLog = 0;
		};
/* End PBXShellScriptBuildPhase section */

/* Begin PBXSourcesBuildPhase section */
		87B55DE71D69B7F100E298EB /* Sources */ = {
			isa = PBXSourcesBuildPhase;
			buildActionMask = 2147483647;
			files = (
				87F009CB1D9A22820041E2FB /* Agent.swift in Sources */,
				876298671D8F3FC500AA857A /* ProjectDao.swift in Sources */,
				87B55DF11D69B7F200E298EB /* ViewController.swift in Sources */,
				87B55DEF1D69B7F200E298EB /* AppDelegate.swift in Sources */,
				87F009CD1D9A4B480041E2FB /* AgentDao.swift in Sources */,
				87F009CA1D9A22820041E2FB /* Agent+CoreDataProperties.swift in Sources */,
				8762985F1D8B4D9F00AA857A /* Project+CoreDataProperties.swift in Sources */,
				876D2CB81D94D45F002128DF /* AllProjectsViewCell.swift in Sources */,
				8798AA401D7654DA00A4DAB2 /* Constants.swift in Sources */,
				876D2CB41D93D12C002128DF /* AllProjectsViewController.swift in Sources */,
				8785B4761D867B4600286FAE /* GalleryViewController.swift in Sources */,
				872980431D8958120037D5B0 /* RAReorderableLayout.swift in Sources */,
				876298641D8F1C8D00AA857A /* ProjectXml.swift in Sources */,
				8762985D1D8B2EE800AA857A /* JonahsWhale.xcdatamodeld in Sources */,
				87F009D31D9B52360041E2FB /* AvailableAgentCell.swift in Sources */,
				8785B4791D87491C00286FAE /* GalleryViewCell.swift in Sources */,
				8798AA481D76750700A4DAB2 /* Project.swift in Sources */,
				8798AA451D7674B200A4DAB2 /* ProjectService.swift in Sources */,
				876D2CC21D98D034002128DF /* SetupLoginViewController.swift in Sources */,
			);
			runOnlyForDeploymentPostprocessing = 0;
		};
/* End PBXSourcesBuildPhase section */

/* Begin PBXVariantGroup section */
		87B55DF21D69B7F200E298EB /* Main.storyboard */ = {
			isa = PBXVariantGroup;
			children = (
				87B55DF31D69B7F200E298EB /* Base */,
			);
			name = Main.storyboard;
			sourceTree = "<group>";
		};
		87B55DF71D69B7F200E298EB /* LaunchScreen.storyboard */ = {
			isa = PBXVariantGroup;
			children = (
				87B55DF81D69B7F200E298EB /* Base */,
			);
			name = LaunchScreen.storyboard;
			sourceTree = "<group>";
		};
/* End PBXVariantGroup section */

/* Begin XCBuildConfiguration section */
		87B55DFB1D69B7F200E298EB /* Debug */ = {
			isa = XCBuildConfiguration;
			buildSettings = {
				ALWAYS_SEARCH_USER_PATHS = NO;
				CLANG_ANALYZER_NONNULL = YES;
				CLANG_CXX_LANGUAGE_STANDARD = "gnu++0x";
				CLANG_CXX_LIBRARY = "libc++";
				CLANG_ENABLE_MODULES = YES;
				CLANG_ENABLE_OBJC_ARC = YES;
				CLANG_WARN_BOOL_CONVERSION = YES;
				CLANG_WARN_CONSTANT_CONVERSION = YES;
				CLANG_WARN_DIRECT_OBJC_ISA_USAGE = YES_ERROR;
				CLANG_WARN_EMPTY_BODY = YES;
				CLANG_WARN_ENUM_CONVERSION = YES;
				CLANG_WARN_INT_CONVERSION = YES;
				CLANG_WARN_OBJC_ROOT_CLASS = YES_ERROR;
				CLANG_WARN_UNREACHABLE_CODE = YES;
				CLANG_WARN__DUPLICATE_METHOD_MATCH = YES;
				"CODE_SIGN_IDENTITY[sdk=iphoneos*]" = "iPhone Developer";
				COPY_PHASE_STRIP = NO;
				DEBUG_INFORMATION_FORMAT = dwarf;
				ENABLE_STRICT_OBJC_MSGSEND = YES;
				ENABLE_TESTABILITY = YES;
				GCC_C_LANGUAGE_STANDARD = gnu99;
				GCC_DYNAMIC_NO_PIC = NO;
				GCC_NO_COMMON_BLOCKS = YES;
				GCC_OPTIMIZATION_LEVEL = 0;
				GCC_PREPROCESSOR_DEFINITIONS = (
					"DEBUG=1",
					"$(inherited)",
				);
				GCC_WARN_64_TO_32_BIT_CONVERSION = YES;
				GCC_WARN_ABOUT_RETURN_TYPE = YES_ERROR;
				GCC_WARN_UNDECLARED_SELECTOR = YES;
				GCC_WARN_UNINITIALIZED_AUTOS = YES_AGGRESSIVE;
				GCC_WARN_UNUSED_FUNCTION = YES;
				GCC_WARN_UNUSED_VARIABLE = YES;
				IPHONEOS_DEPLOYMENT_TARGET = 9.3;
				MTL_ENABLE_DEBUG_INFO = YES;
				ONLY_ACTIVE_ARCH = YES;
				SDKROOT = iphoneos;
				SWIFT_OPTIMIZATION_LEVEL = "-Onone";
				TARGETED_DEVICE_FAMILY = "1,2";
			};
			name = Debug;
		};
		87B55DFC1D69B7F200E298EB /* Release */ = {
			isa = XCBuildConfiguration;
			buildSettings = {
				ALWAYS_SEARCH_USER_PATHS = NO;
				CLANG_ANALYZER_NONNULL = YES;
				CLANG_CXX_LANGUAGE_STANDARD = "gnu++0x";
				CLANG_CXX_LIBRARY = "libc++";
				CLANG_ENABLE_MODULES = YES;
				CLANG_ENABLE_OBJC_ARC = YES;
				CLANG_WARN_BOOL_CONVERSION = YES;
				CLANG_WARN_CONSTANT_CONVERSION = YES;
				CLANG_WARN_DIRECT_OBJC_ISA_USAGE = YES_ERROR;
				CLANG_WARN_EMPTY_BODY = YES;
				CLANG_WARN_ENUM_CONVERSION = YES;
				CLANG_WARN_INT_CONVERSION = YES;
				CLANG_WARN_OBJC_ROOT_CLASS = YES_ERROR;
				CLANG_WARN_UNREACHABLE_CODE = YES;
				CLANG_WARN__DUPLICATE_METHOD_MATCH = YES;
				"CODE_SIGN_IDENTITY[sdk=iphoneos*]" = "iPhone Developer";
				COPY_PHASE_STRIP = NO;
				DEBUG_INFORMATION_FORMAT = "dwarf-with-dsym";
				ENABLE_NS_ASSERTIONS = NO;
				ENABLE_STRICT_OBJC_MSGSEND = YES;
				GCC_C_LANGUAGE_STANDARD = gnu99;
				GCC_NO_COMMON_BLOCKS = YES;
				GCC_WARN_64_TO_32_BIT_CONVERSION = YES;
				GCC_WARN_ABOUT_RETURN_TYPE = YES_ERROR;
				GCC_WARN_UNDECLARED_SELECTOR = YES;
				GCC_WARN_UNINITIALIZED_AUTOS = YES_AGGRESSIVE;
				GCC_WARN_UNUSED_FUNCTION = YES;
				GCC_WARN_UNUSED_VARIABLE = YES;
				IPHONEOS_DEPLOYMENT_TARGET = 9.3;
				MTL_ENABLE_DEBUG_INFO = NO;
				SDKROOT = iphoneos;
				TARGETED_DEVICE_FAMILY = "1,2";
				VALIDATE_PRODUCT = YES;
			};
			name = Release;
		};
		87B55DFE1D69B7F200E298EB /* Debug */ = {
			isa = XCBuildConfiguration;
			baseConfigurationReference = D9962FD0B9CAAA64CAE8ECCD /* Pods-JonahsWhale.debug.xcconfig */;
			buildSettings = {
				ASSETCATALOG_COMPILER_APPICON_NAME = AppIcon;
				CODE_SIGN_IDENTITY = "iPhone Developer";
				"CODE_SIGN_IDENTITY[sdk=iphoneos*]" = "iPhone Developer";
				INFOPLIST_FILE = JonahsWhale/Info.plist;
				LD_RUNPATH_SEARCH_PATHS = "$(inherited) @executable_path/Frameworks";
				PRODUCT_BUNDLE_IDENTIFIER = mfebrianto.engineering.JonahsWhale;
				PRODUCT_NAME = "$(TARGET_NAME)";
				PROVISIONING_PROFILE = "";
				SWIFT_VERSION = 3.0;
			};
			name = Debug;
		};
		87B55DFF1D69B7F200E298EB /* Release */ = {
			isa = XCBuildConfiguration;
			baseConfigurationReference = 735D7718CAFB156A19693C50 /* Pods-JonahsWhale.release.xcconfig */;
			buildSettings = {
				ASSETCATALOG_COMPILER_APPICON_NAME = AppIcon;
				CODE_SIGN_IDENTITY = "iPhone Developer";
				"CODE_SIGN_IDENTITY[sdk=iphoneos*]" = "iPhone Developer";
				INFOPLIST_FILE = JonahsWhale/Info.plist;
				LD_RUNPATH_SEARCH_PATHS = "$(inherited) @executable_path/Frameworks";
				PRODUCT_BUNDLE_IDENTIFIER = mfebrianto.engineering.JonahsWhale;
				PRODUCT_NAME = "$(TARGET_NAME)";
				PROVISIONING_PROFILE = "";
				SWIFT_VERSION = 3.0;
			};
			name = Release;
		};
/* End XCBuildConfiguration section */

/* Begin XCConfigurationList section */
		87B55DE61D69B7F100E298EB /* Build configuration list for PBXProject "JonahsWhale" */ = {
			isa = XCConfigurationList;
			buildConfigurations = (
				87B55DFB1D69B7F200E298EB /* Debug */,
				87B55DFC1D69B7F200E298EB /* Release */,
			);
			defaultConfigurationIsVisible = 0;
			defaultConfigurationName = Release;
		};
		87B55DFD1D69B7F200E298EB /* Build configuration list for PBXNativeTarget "JonahsWhale" */ = {
			isa = XCConfigurationList;
			buildConfigurations = (
				87B55DFE1D69B7F200E298EB /* Debug */,
				87B55DFF1D69B7F200E298EB /* Release */,
			);
			defaultConfigurationIsVisible = 0;
			defaultConfigurationName = Release;
		};
/* End XCConfigurationList section */

/* Begin XCVersionGroup section */
		8762985B1D8B2EE800AA857A /* JonahsWhale.xcdatamodeld */ = {
			isa = XCVersionGroup;
			children = (
				8762985C1D8B2EE800AA857A /* JonahsWhale.xcdatamodel */,
			);
			currentVersion = 8762985C1D8B2EE800AA857A /* JonahsWhale.xcdatamodel */;
			path = JonahsWhale.xcdatamodeld;
			sourceTree = "<group>";
			versionGroupType = wrapper.xcdatamodel;
		};
/* End XCVersionGroup section */
	};
	rootObject = 87B55DE31D69B7F100E298EB /* Project object */;
}
