PODS:
  - Alamofire (4.0.1)
  - RAReorderableLayout (0.6.1)
  - SWXMLHash (3.0.2)
  - XCGLogger (4.0.0):
    - XCGLogger/Core (= 4.0.0)
  - XCGLogger/Core (4.0.0)

DEPENDENCIES:
  - Alamofire (~> 4.0)
  - RAReorderableLayout (~> 0.6.1)
  - SWXMLHash (~> 3.0.0)
  - XCGLogger (~> 4.0.0)

SPEC CHECKSUMS:
  Alamofire: 7682d43245de14874acd142ec137b144aa1dd335
  RAReorderableLayout: 5b6b87dd4022ee1747fd475623b14f5df940f754
  SWXMLHash: e0f6935971f01b06fb228cf435510d998ecde647
  XCGLogger: 38063ea89b4c8b23232d18efd2e12eb0005f3ea4

PODFILE CHECKSUM: c483eae4d86015c1517597143c0b89aa1b5e6d62

COCOAPODS: 1.0.1
